
Microsoft Visual Studio Solution File, Format Version 12.00
# Visual Studio Version 16
VisualStudioVersion = 16.0.29009.5
MinimumVisualStudioVersion = 10.0.40219.1
Project("{FAE04EC0-301F-11D3-BF4B-00C04F79EFBC}") = "TNOR", "TNOR\TNOR.csproj", "{56C2EACE-338C-404F-B273-F86DDED975D8}"
EndProject
Global
	GlobalSection(SolutionConfigurationPlatforms) = preSolution
		Debug|Any CPU = Debug|Any CPU
		Release|Any CPU = Release|Any CPU
	EndGlobalSection
	GlobalSection(ProjectConfigurationPlatforms) = postSolution
		{56C2EACE-338C-404F-B273-F86DDED975D8}.Debug|Any CPU.ActiveCfg = Debug|Any CPU
		{56C2EACE-338C-404F-B273-F86DDED975D8}.Debug|Any CPU.Build.0 = Debug|Any CPU
		{56C2EACE-338C-404F-B273-F86DDED975D8}.Release|Any CPU.ActiveCfg = Release|Any CPU
		{56C2EACE-338C-404F-B273-F86DDED975D8}.Release|Any CPU.Build.0 = Release|Any CPU
	EndGlobalSection
	GlobalSection(SolutionProperties) = preSolution
		HideSolutionNode = FALSE
	EndGlobalSection
	GlobalSection(ExtensibilityGlobals) = postSolution
		SolutionGuid = {A7BC795D-4407-41CF-8E01-2EE52FEB75B1}
	EndGlobalSection
EndGlobal
